
Microsoft Visual Studio Solution File, Format Version 12.00
# Visual Studio Version 17
VisualStudioVersion = 17.5.33627.172
MinimumVisualStudioVersion = 10.0.40219.1
Project("{8BC9CEB8-8B4A-11D0-8D11-00A0C91BC942}") = "Project1", "Project1.vcxproj", "{23B82609-710E-4CB1-8B94-BDA950A9C690}"
EndProject
Project("{54435603-DBB4-11D2-8724-00A0C9A8B90C}") = "Setup1", "..\Setup1\Setup1.vdproj", "{C1045EEF-77B5-4D8B-A6AC-37F45C605D86}"
EndProject
Global
	GlobalSection(SolutionConfigurationPlatforms) = preSolution
		Debug|x64 = Debug|x64
		Debug|x86 = Debug|x86
		Release|x64 = Release|x64
		Release|x86 = Release|x86
	EndGlobalSection
	GlobalSection(ProjectConfigurationPlatforms) = postSolution
		{23B82609-710E-4CB1-8B94-BDA950A9C690}.Debug|x64.ActiveCfg = Debug|x64
		{23B82609-710E-4CB1-8B94-BDA950A9C690}.Debug|x64.Build.0 = Debug|x64
		{23B82609-710E-4CB1-8B94-BDA950A9C690}.Debug|x86.ActiveCfg = Debug|Win32
		{23B82609-710E-4CB1-8B94-BDA950A9C690}.Debug|x86.Build.0 = Debug|Win32
		{23B82609-710E-4CB1-8B94-BDA950A9C690}.Release|x64.ActiveCfg = Release|x64
		{23B82609-710E-4CB1-8B94-BDA950A9C690}.Release|x64.Build.0 = Release|x64
		{23B82609-710E-4CB1-8B94-BDA950A9C690}.Release|x86.ActiveCfg = Release|Win32
		{23B82609-710E-4CB1-8B94-BDA950A9C690}.Release|x86.Build.0 = Release|Win32
		{C1045EEF-77B5-4D8B-A6AC-37F45C605D86}.Debug|x64.ActiveCfg = Debug
		{C1045EEF-77B5-4D8B-A6AC-37F45C605D86}.Debug|x86.ActiveCfg = Debug
		{C1045EEF-77B5-4D8B-A6AC-37F45C605D86}.Release|x64.ActiveCfg = Release
		{C1045EEF-77B5-4D8B-A6AC-37F45C605D86}.Release|x86.ActiveCfg = Release
	EndGlobalSection
	GlobalSection(SolutionProperties) = preSolution
		HideSolutionNode = FALSE
	EndGlobalSection
	GlobalSection(ExtensibilityGlobals) = postSolution
		SolutionGuid = {FF94AD39-25F5-424E-870F-104CE3D539F9}
	EndGlobalSection
EndGlobal
